
Microsoft Visual Studio Solution File, Format Version 12.00
# Visual Studio Version 16
VisualStudioVersion = 16.0.30907.101
MinimumVisualStudioVersion = 10.0.40219.1
Project("{FAE04EC0-301F-11D3-BF4B-00C04F79EFBC}") = "projetbdd3", "projetbdd3.csproj", "{C3EEF785-DD5B-4A46-BDEF-6091B3B69912}"
EndProject
Global
	GlobalSection(SolutionConfigurationPlatforms) = preSolution
		Debug|Any CPU = Debug|Any CPU
		Release|Any CPU = Release|Any CPU
	EndGlobalSection
	GlobalSection(ProjectConfigurationPlatforms) = postSolution
		{C3EEF785-DD5B-4A46-BDEF-6091B3B69912}.Debug|Any CPU.ActiveCfg = Debug|Any CPU
		{C3EEF785-DD5B-4A46-BDEF-6091B3B69912}.Debug|Any CPU.Build.0 = Debug|Any CPU
		{C3EEF785-DD5B-4A46-BDEF-6091B3B69912}.Release|Any CPU.ActiveCfg = Release|Any CPU
		{C3EEF785-DD5B-4A46-BDEF-6091B3B69912}.Release|Any CPU.Build.0 = Release|Any CPU
	EndGlobalSection
	GlobalSection(SolutionProperties) = preSolution
		HideSolutionNode = FALSE
	EndGlobalSection
	GlobalSection(ExtensibilityGlobals) = postSolution
		SolutionGuid = {61154268-860D-4CEA-9A68-B03C86572461}
	EndGlobalSection
EndGlobal
